
Microsoft Visual Studio Solution File, Format Version 12.00
# Visual Studio 14
VisualStudioVersion = 14.0.23107.0
MinimumVisualStudioVersion = 10.0.40219.1
Project("{FAE04EC0-301F-11D3-BF4B-00C04F79EFBC}") = "ex1AP2", "ex1AP2\ex1AP2.csproj", "{42F70851-18A1-40B7-A8DA-1A6BC37B8F3E}"
EndProject
Project("{FAE04EC0-301F-11D3-BF4B-00C04F79EFBC}") = "SearchAlgorithmsLib", "SearchAlgorithmsLibarary\SearchAlgorithmsLib.csproj", "{2E3F4939-F370-49D5-94D3-D0AF5E11372D}"
EndProject
Global
	GlobalSection(SolutionConfigurationPlatforms) = preSolution
		Debug|Any CPU = Debug|Any CPU
		Release|Any CPU = Release|Any CPU
	EndGlobalSection
	GlobalSection(ProjectConfigurationPlatforms) = postSolution
		{42F70851-18A1-40B7-A8DA-1A6BC37B8F3E}.Debug|Any CPU.ActiveCfg = Debug|Any CPU
		{42F70851-18A1-40B7-A8DA-1A6BC37B8F3E}.Debug|Any CPU.Build.0 = Debug|Any CPU
		{42F70851-18A1-40B7-A8DA-1A6BC37B8F3E}.Release|Any CPU.ActiveCfg = Release|Any CPU
		{42F70851-18A1-40B7-A8DA-1A6BC37B8F3E}.Release|Any CPU.Build.0 = Release|Any CPU
		{2E3F4939-F370-49D5-94D3-D0AF5E11372D}.Debug|Any CPU.ActiveCfg = Debug|Any CPU
		{2E3F4939-F370-49D5-94D3-D0AF5E11372D}.Debug|Any CPU.Build.0 = Debug|Any CPU
		{2E3F4939-F370-49D5-94D3-D0AF5E11372D}.Release|Any CPU.ActiveCfg = Release|Any CPU
		{2E3F4939-F370-49D5-94D3-D0AF5E11372D}.Release|Any CPU.Build.0 = Release|Any CPU
	EndGlobalSection
	GlobalSection(SolutionProperties) = preSolution
		HideSolutionNode = FALSE
	EndGlobalSection
EndGlobal
